
Microsoft Visual Studio Solution File, Format Version 12.00
# Visual Studio Version 17
VisualStudioVersion = 17.1.32210.238
MinimumVisualStudioVersion = 10.0.40219.1
Project("{9A19103F-16F7-4668-BE54-9A1E7A4F7556}") = "WinFormExtensivel", "WinFormExtensivel\WinFormExtensivel.csproj", "{FB8E9B8D-50A3-453B-806A-EB5780879C9A}"
EndProject
Global
	GlobalSection(SolutionConfigurationPlatforms) = preSolution
		Debug|Any CPU = Debug|Any CPU
		Debug|x64 = Debug|x64
		Release|Any CPU = Release|Any CPU
		Release|x64 = Release|x64
	EndGlobalSection
	GlobalSection(ProjectConfigurationPlatforms) = postSolution
		{FB8E9B8D-50A3-453B-806A-EB5780879C9A}.Debug|Any CPU.ActiveCfg = Debug|Any CPU
		{FB8E9B8D-50A3-453B-806A-EB5780879C9A}.Debug|Any CPU.Build.0 = Debug|Any CPU
		{FB8E9B8D-50A3-453B-806A-EB5780879C9A}.Debug|x64.ActiveCfg = Debug|Any CPU
		{FB8E9B8D-50A3-453B-806A-EB5780879C9A}.Debug|x64.Build.0 = Debug|Any CPU
		{FB8E9B8D-50A3-453B-806A-EB5780879C9A}.Release|Any CPU.ActiveCfg = Release|Any CPU
		{FB8E9B8D-50A3-453B-806A-EB5780879C9A}.Release|Any CPU.Build.0 = Release|Any CPU
		{FB8E9B8D-50A3-453B-806A-EB5780879C9A}.Release|x64.ActiveCfg = Release|Any CPU
		{FB8E9B8D-50A3-453B-806A-EB5780879C9A}.Release|x64.Build.0 = Release|Any CPU
	EndGlobalSection
	GlobalSection(SolutionProperties) = preSolution
		HideSolutionNode = FALSE
	EndGlobalSection
	GlobalSection(ExtensibilityGlobals) = postSolution
		SolutionGuid = {1DDFF6CE-CA1D-48EF-8BF7-0DCF71A72269}
	EndGlobalSection
EndGlobal
